
Microsoft Visual Studio Solution File, Format Version 12.00
# Visual Studio Version 16
VisualStudioVersion = 16.0.29020.237
MinimumVisualStudioVersion = 10.0.40219.1
Project("{8BC9CEB8-8B4A-11D0-8D11-00A0C91BC942}") = "FreezerMonitor-VS", "FreezerMonitor-VS.vcxproj", "{35869AA2-E024-4AAF-96E2-668D01701779}"
EndProject
Global
	GlobalSection(SolutionConfigurationPlatforms) = preSolution
		Debug|ARM = Debug|ARM
		Release|ARM = Release|ARM
	EndGlobalSection
	GlobalSection(ProjectConfigurationPlatforms) = postSolution
		{35869AA2-E024-4AAF-96E2-668D01701779}.Debug|ARM.ActiveCfg = Debug|ARM
		{35869AA2-E024-4AAF-96E2-668D01701779}.Debug|ARM.Build.0 = Debug|ARM
		{35869AA2-E024-4AAF-96E2-668D01701779}.Release|ARM.ActiveCfg = Release|ARM
		{35869AA2-E024-4AAF-96E2-668D01701779}.Release|ARM.Build.0 = Release|ARM
	EndGlobalSection
	GlobalSection(SolutionProperties) = preSolution
		HideSolutionNode = FALSE
	EndGlobalSection
	GlobalSection(ExtensibilityGlobals) = postSolution
		SolutionGuid = {3623EA86-0672-4C58-935F-FA009C56AF96}
	EndGlobalSection
EndGlobal
